
Microsoft Visual Studio Solution File, Format Version 12.00
# Visual Studio Version 16
VisualStudioVersion = 16.0.31702.278
MinimumVisualStudioVersion = 10.0.40219.1
Project("{8BC9CEB8-8B4A-11D0-8D11-00A0C91BC942}") = "BrushlessEngine", "BrushlessEngine\BrushlessEngine.vcxproj", "{BBD828F1-E41D-47D4-A792-85B14478CB7E}"
EndProject
Global
	GlobalSection(SolutionConfigurationPlatforms) = preSolution
		Debug|x64 = Debug|x64
		Debug|x86 = Debug|x86
		Release|x64 = Release|x64
		Release|x86 = Release|x86
	EndGlobalSection
	GlobalSection(ProjectConfigurationPlatforms) = postSolution
		{BBD828F1-E41D-47D4-A792-85B14478CB7E}.Debug|x64.ActiveCfg = Debug|x64
		{BBD828F1-E41D-47D4-A792-85B14478CB7E}.Debug|x64.Build.0 = Debug|x64
		{BBD828F1-E41D-47D4-A792-85B14478CB7E}.Debug|x86.ActiveCfg = Debug|Win32
		{BBD828F1-E41D-47D4-A792-85B14478CB7E}.Debug|x86.Build.0 = Debug|Win32
		{BBD828F1-E41D-47D4-A792-85B14478CB7E}.Release|x64.ActiveCfg = Release|x64
		{BBD828F1-E41D-47D4-A792-85B14478CB7E}.Release|x64.Build.0 = Release|x64
		{BBD828F1-E41D-47D4-A792-85B14478CB7E}.Release|x86.ActiveCfg = Release|Win32
		{BBD828F1-E41D-47D4-A792-85B14478CB7E}.Release|x86.Build.0 = Release|Win32
	EndGlobalSection
	GlobalSection(SolutionProperties) = preSolution
		HideSolutionNode = FALSE
	EndGlobalSection
	GlobalSection(ExtensibilityGlobals) = postSolution
		SolutionGuid = {A496037C-B6F6-4CFE-8E34-675EF81D9768}
	EndGlobalSection
EndGlobal
