<?xml version="1.0" encoding="utf-8"?>
<Project ToolsVersion="4.0" xmlns="http://schemas.microsoft.com/developer/msbuild/2003">
  <ItemGroup>
    <ClCompile Include="src\libraries\imgui\imgui.cpp">
      <Filter>libraries\imgui</Filter>
    </ClCompile>
    <ClCompile Include="src\libraries\imgui\imgui_demo.cpp">
      <Filter>libraries\imgui</Filter>
    </ClCompile>
    <ClCompile Include="src\libraries\imgui\imgui_draw.cpp">
      <Filter>libraries\imgui</Filter>
    </ClCompile>
    <ClCompile Include="src\libraries\imgui\imgui_impl_opengl2.cpp">
      <Filter>libraries\imgui</Filter>
    </ClCompile>
    <ClCompile Include="src\libraries\imgui\imgui_impl_sdl.cpp">
      <Filter>libraries\imgui</Filter>
    </ClCompile>
    <ClCompile Include="src\libraries\imgui\imgui_tables.cpp">
      <Filter>libraries\imgui</Filter>
    </ClCompile>
    <ClCompile Include="src\libraries\imgui\imgui_widgets.cpp">
      <Filter>libraries\imgui</Filter>
    </ClCompile>
    <ClCompile Include="src\glmath.cpp">
      <Filter>libraries\glmath</Filter>
    </ClCompile>
    <ClCompile Include="src\Color.cpp">
      <Filter>utils</Filter>
    </ClCompile>
    <ClCompile Include="src\Timer.cpp">
      <Filter>utils</Filter>
    </ClCompile>
    <ClCompile Include="src\Light.cpp">
      <Filter>render</Filter>
    </ClCompile>
    <ClCompile Include="src\Application.cpp">
      <Filter>application</Filter>
    </ClCompile>
    <ClCompile Include="src\Main.cpp">
      <Filter>application</Filter>
    </ClCompile>
    <ClCompile Include="src\ModuleCamera3D.cpp">
      <Filter>modules</Filter>
    </ClCompile>
    <ClCompile Include="src\ModuleEditor.cpp">
      <Filter>modules</Filter>
    </ClCompile>
    <ClCompile Include="src\ModuleInput.cpp">
      <Filter>modules</Filter>
    </ClCompile>
    <ClCompile Include="src\ModuleRenderer3D.cpp">
      <Filter>modules</Filter>
    </ClCompile>
    <ClCompile Include="src\ModuleWindow.cpp">
      <Filter>modules</Filter>
    </ClCompile>
    <ClCompile Include="src\ExitWindow.cpp">
      <Filter>ui_components</Filter>
    </ClCompile>
    <ClCompile Include="src\MainMenuBar.cpp">
      <Filter>ui_components</Filter>
    </ClCompile>
    <ClCompile Include="src\ConfigurationWindow.cpp">
      <Filter>ui_components</Filter>
    </ClCompile>
    <ClCompile Include="src\DemoWindow.cpp">
      <Filter>ui_components</Filter>
    </ClCompile>
    <ClCompile Include="src\ConsoleWindow.cpp">
      <Filter>ui_components</Filter>
    </ClCompile>
    <ClCompile Include="src\AboutWindow.cpp">
      <Filter>ui_components</Filter>
    </ClCompile>
    <ClCompile Include="src\Transform.cpp">
      <Filter>game_object\components</Filter>
    </ClCompile>
    <ClCompile Include="src\Component.cpp">
      <Filter>game_object</Filter>
    </ClCompile>
    <ClCompile Include="src\GameObject.cpp">
      <Filter>game_object</Filter>
    </ClCompile>
    <ClCompile Include="src\ModuleImport.cpp">
      <Filter>modules</Filter>
    </ClCompile>
    <ClCompile Include="src\BrushlessMesh.cpp">
      <Filter>game_object\utils</Filter>
    </ClCompile>
    <ClCompile Include="src\MeshFilter.cpp">
      <Filter>game_object\components</Filter>
    </ClCompile>
    <ClCompile Include="src\MeshRenderer.cpp">
      <Filter>game_object\components</Filter>
    </ClCompile>
    <ClCompile Include="src\BrushlessScene.cpp">
      <Filter>game_object\utils</Filter>
    </ClCompile>
    <ClCompile Include="src\TextureComponent.cpp">
      <Filter>game_object\components</Filter>
    </ClCompile>
    <ClCompile Include="src\Hardware.cpp">
      <Filter>utils</Filter>
    </ClCompile>
    <ClCompile Include="src\libraries\GPUDetect\include\DeviceId.cpp">
      <Filter>libraries\GPUDetect</Filter>
    </ClCompile>
  </ItemGroup>
  <ItemGroup>
    <ClInclude Include="src\libraries\imgui\imconfig.h">
      <Filter>libraries\imgui</Filter>
    </ClInclude>
    <ClInclude Include="src\libraries\imgui\imgui.h">
      <Filter>libraries\imgui</Filter>
    </ClInclude>
    <ClInclude Include="src\libraries\imgui\imgui_impl_opengl2.h">
      <Filter>libraries\imgui</Filter>
    </ClInclude>
    <ClInclude Include="src\libraries\imgui\imgui_impl_sdl.h">
      <Filter>libraries\imgui</Filter>
    </ClInclude>
    <ClInclude Include="src\libraries\imgui\imgui_internal.h">
      <Filter>libraries\imgui</Filter>
    </ClInclude>
    <ClInclude Include="src\libraries\imgui\imstb_rectpack.h">
      <Filter>libraries\imgui</Filter>
    </ClInclude>
    <ClInclude Include="src\libraries\imgui\imstb_textedit.h">
      <Filter>libraries\imgui</Filter>
    </ClInclude>
    <ClInclude Include="src\libraries\imgui\imstb_truetype.h">
      <Filter>libraries\imgui</Filter>
    </ClInclude>
    <ClInclude Include="src\glmath.h">
      <Filter>libraries\glmath</Filter>
    </ClInclude>
    <ClInclude Include="src\Color.h">
      <Filter>utils</Filter>
    </ClInclude>
    <ClInclude Include="src\Timer.h">
      <Filter>utils</Filter>
    </ClInclude>
    <ClInclude Include="src\Light.h">
      <Filter>render</Filter>
    </ClInclude>
    <ClInclude Include="src\Application.h">
      <Filter>application</Filter>
    </ClInclude>
    <ClInclude Include="src\Globals.h">
      <Filter>application</Filter>
    </ClInclude>
    <ClInclude Include="src\Module.h">
      <Filter>modules</Filter>
    </ClInclude>
    <ClInclude Include="src\ModuleCamera3D.h">
      <Filter>modules</Filter>
    </ClInclude>
    <ClInclude Include="src\ModuleEditor.h">
      <Filter>modules</Filter>
    </ClInclude>
    <ClInclude Include="src\ModuleInput.h">
      <Filter>modules</Filter>
    </ClInclude>
    <ClInclude Include="src\ModuleRenderer3D.h">
      <Filter>modules</Filter>
    </ClInclude>
    <ClInclude Include="src\ModuleWindow.h">
      <Filter>modules</Filter>
    </ClInclude>
    <ClInclude Include="src\UIComponent.h">
      <Filter>ui_components</Filter>
    </ClInclude>
    <ClInclude Include="src\ExitWindow.h">
      <Filter>ui_components</Filter>
    </ClInclude>
    <ClInclude Include="src\MainMenuBar.h">
      <Filter>ui_components</Filter>
    </ClInclude>
    <ClInclude Include="src\ConfigurationWindow.h">
      <Filter>ui_components</Filter>
    </ClInclude>
    <ClInclude Include="src\DemoWindow.h">
      <Filter>ui_components</Filter>
    </ClInclude>
    <ClInclude Include="src\ConsoleWindow.h">
      <Filter>ui_components</Filter>
    </ClInclude>
    <ClInclude Include="src\AboutWindow.h">
      <Filter>ui_components</Filter>
    </ClInclude>
    <ClInclude Include="src\GameObject.h">
      <Filter>game_object</Filter>
    </ClInclude>
    <ClInclude Include="src\Component.h">
      <Filter>game_object</Filter>
    </ClInclude>
    <ClInclude Include="src\Transform.h">
      <Filter>game_object\components</Filter>
    </ClInclude>
    <ClInclude Include="src\ModuleImport.h">
      <Filter>modules</Filter>
    </ClInclude>
    <ClInclude Include="src\libraries\Glew\include\eglew.h">
      <Filter>libraries\glew</Filter>
    </ClInclude>
    <ClInclude Include="src\libraries\Glew\include\glew.h">
      <Filter>libraries\glew</Filter>
    </ClInclude>
    <ClInclude Include="src\libraries\Glew\include\glxew.h">
      <Filter>libraries\glew</Filter>
    </ClInclude>
    <ClInclude Include="src\libraries\Glew\include\wglew.h">
      <Filter>libraries\glew</Filter>
    </ClInclude>
    <ClInclude Include="src\libraries\Assimp\include\ai_assert.h">
      <Filter>libraries\assimp</Filter>
    </ClInclude>
    <ClInclude Include="src\libraries\Assimp\include\port\AndroidJNI\AndroidJNIIOSystem.h">
      <Filter>libraries\assimp</Filter>
    </ClInclude>
    <ClInclude Include="src\libraries\Assimp\include\anim.h">
      <Filter>libraries\assimp</Filter>
    </ClInclude>
    <ClInclude Include="src\libraries\Assimp\include\camera.h">
      <Filter>libraries\assimp</Filter>
    </ClInclude>
    <ClInclude Include="src\libraries\Assimp\include\cexport.h">
      <Filter>libraries\assimp</Filter>
    </ClInclude>
    <ClInclude Include="src\libraries\Assimp\include\cfileio.h">
      <Filter>libraries\assimp</Filter>
    </ClInclude>
    <ClInclude Include="src\libraries\Assimp\include\cimport.h">
      <Filter>libraries\assimp</Filter>
    </ClInclude>
    <ClInclude Include="src\libraries\Assimp\include\color4.h">
      <Filter>libraries\assimp</Filter>
    </ClInclude>
    <ClInclude Include="src\libraries\Assimp\include\config.h">
      <Filter>libraries\assimp</Filter>
    </ClInclude>
    <ClInclude Include="src\libraries\Assimp\include\DefaultLogger.hpp">
      <Filter>libraries\assimp</Filter>
    </ClInclude>
    <ClInclude Include="src\libraries\Assimp\include\defs.h">
      <Filter>libraries\assimp</Filter>
    </ClInclude>
    <ClInclude Include="src\libraries\Assimp\include\Exporter.hpp">
      <Filter>libraries\assimp</Filter>
    </ClInclude>
    <ClInclude Include="src\libraries\Assimp\include\Importer.hpp">
      <Filter>libraries\assimp</Filter>
    </ClInclude>
    <ClInclude Include="src\libraries\Assimp\include\importerdesc.h">
      <Filter>libraries\assimp</Filter>
    </ClInclude>
    <ClInclude Include="src\libraries\Assimp\include\IOStream.hpp">
      <Filter>libraries\assimp</Filter>
    </ClInclude>
    <ClInclude Include="src\libraries\Assimp\include\IOSystem.hpp">
      <Filter>libraries\assimp</Filter>
    </ClInclude>
    <ClInclude Include="src\libraries\Assimp\include\light.h">
      <Filter>libraries\assimp</Filter>
    </ClInclude>
    <ClInclude Include="src\libraries\Assimp\include\Logger.hpp">
      <Filter>libraries\assimp</Filter>
    </ClInclude>
    <ClInclude Include="src\libraries\Assimp\include\LogStream.hpp">
      <Filter>libraries\assimp</Filter>
    </ClInclude>
    <ClInclude Include="src\libraries\Assimp\include\material.h">
      <Filter>libraries\assimp</Filter>
    </ClInclude>
    <ClInclude Include="src\libraries\Assimp\include\matrix3x3.h">
      <Filter>libraries\assimp</Filter>
    </ClInclude>
    <ClInclude Include="src\libraries\Assimp\include\matrix4x4.h">
      <Filter>libraries\assimp</Filter>
    </ClInclude>
    <ClInclude Include="src\libraries\Assimp\include\mesh.h">
      <Filter>libraries\assimp</Filter>
    </ClInclude>
    <ClInclude Include="src\libraries\Assimp\include\metadata.h">
      <Filter>libraries\assimp</Filter>
    </ClInclude>
    <ClInclude Include="src\libraries\Assimp\include\NullLogger.hpp">
      <Filter>libraries\assimp</Filter>
    </ClInclude>
    <ClInclude Include="src\libraries\Assimp\include\Compiler\poppack1.h">
      <Filter>libraries\assimp</Filter>
    </ClInclude>
    <ClInclude Include="src\libraries\Assimp\include\postprocess.h">
      <Filter>libraries\assimp</Filter>
    </ClInclude>
    <ClInclude Include="src\libraries\Assimp\include\ProgressHandler.hpp">
      <Filter>libraries\assimp</Filter>
    </ClInclude>
    <ClInclude Include="src\libraries\Assimp\include\Compiler\pstdint.h">
      <Filter>libraries\assimp</Filter>
    </ClInclude>
    <ClInclude Include="src\libraries\Assimp\include\Compiler\pushpack1.h">
      <Filter>libraries\assimp</Filter>
    </ClInclude>
    <ClInclude Include="src\libraries\Assimp\include\quaternion.h">
      <Filter>libraries\assimp</Filter>
    </ClInclude>
    <ClInclude Include="src\libraries\Assimp\include\scene.h">
      <Filter>libraries\assimp</Filter>
    </ClInclude>
    <ClInclude Include="src\libraries\Assimp\include\texture.h">
      <Filter>libraries\assimp</Filter>
    </ClInclude>
    <ClInclude Include="src\libraries\Assimp\include\types.h">
      <Filter>libraries\assimp</Filter>
    </ClInclude>
    <ClInclude Include="src\libraries\Assimp\include\vector2.h">
      <Filter>libraries\assimp</Filter>
    </ClInclude>
    <ClInclude Include="src\libraries\Assimp\include\vector3.h">
      <Filter>libraries\assimp</Filter>
    </ClInclude>
    <ClInclude Include="src\libraries\Assimp\include\version.h">
      <Filter>libraries\assimp</Filter>
    </ClInclude>
    <ClInclude Include="src\BrushlessMesh.h">
      <Filter>game_object\utils</Filter>
    </ClInclude>
    <ClInclude Include="src\MeshFilter.h">
      <Filter>game_object\components</Filter>
    </ClInclude>
    <ClInclude Include="src\MeshRenderer.h">
      <Filter>game_object\components</Filter>
    </ClInclude>
    <ClInclude Include="src\BrushlessScene.h">
      <Filter>game_object\utils</Filter>
    </ClInclude>
    <ClInclude Include="src\TextureComponent.h">
      <Filter>game_object\components</Filter>
    </ClInclude>
    <ClInclude Include="src\Hardware.h">
      <Filter>utils</Filter>
    </ClInclude>
    <ClInclude Include="src\libraries\GPUDetect\include\DeviceId.h">
      <Filter>libraries\GPUDetect</Filter>
    </ClInclude>
    <ClInclude Include="src\libraries\GPUDetect\include\dxgi1_4.h">
      <Filter>libraries\GPUDetect</Filter>
    </ClInclude>
  </ItemGroup>
  <ItemGroup>
    <Filter Include="libraries">
      <UniqueIdentifier>{1bb89d6f-eb3b-48d5-b516-94eafbd45bda}</UniqueIdentifier>
    </Filter>
    <Filter Include="libraries\imgui">
      <UniqueIdentifier>{68e589d1-a058-48e4-b7c7-8cf43ffe897d}</UniqueIdentifier>
    </Filter>
    <Filter Include="libraries\glmath">
      <UniqueIdentifier>{91de379b-5535-487e-9a58-0c32b7a29d5c}</UniqueIdentifier>
    </Filter>
    <Filter Include="utils">
      <UniqueIdentifier>{ff207d0f-1aec-4284-8210-33f5ef0237a2}</UniqueIdentifier>
    </Filter>
    <Filter Include="render">
      <UniqueIdentifier>{189f5e53-400a-4167-a4af-8453de075f5c}</UniqueIdentifier>
    </Filter>
    <Filter Include="application">
      <UniqueIdentifier>{14101074-fb28-43c8-a8c7-291fb3e9e6fe}</UniqueIdentifier>
    </Filter>
    <Filter Include="modules">
      <UniqueIdentifier>{ce3ffc26-a81f-4b05-a3ce-0ad19f85084d}</UniqueIdentifier>
    </Filter>
    <Filter Include="ui_components">
      <UniqueIdentifier>{d235b4ca-976f-4f2c-8991-e34f218c3143}</UniqueIdentifier>
    </Filter>
    <Filter Include="game_object">
      <UniqueIdentifier>{837cd616-37aa-4381-bc01-6d0c498db33b}</UniqueIdentifier>
    </Filter>
    <Filter Include="game_object\components">
      <UniqueIdentifier>{a1e4c3fa-8aae-444b-8ce0-db6aaf7a9133}</UniqueIdentifier>
    </Filter>
    <Filter Include="libraries\glew">
      <UniqueIdentifier>{42692832-a3eb-43ba-8948-fab91524a02e}</UniqueIdentifier>
    </Filter>
    <Filter Include="libraries\assimp">
      <UniqueIdentifier>{022a61e3-2699-493a-a8d6-9eae524000bf}</UniqueIdentifier>
    </Filter>
    <Filter Include="game_object\utils">
      <UniqueIdentifier>{8c30ee9c-c054-4639-a78d-a3f5de388bff}</UniqueIdentifier>
    </Filter>
    <Filter Include="libraries\GPUDetect">
      <UniqueIdentifier>{7da7af87-97e5-4e7c-8c82-b059864660b7}</UniqueIdentifier>
    </Filter>
  </ItemGroup>
  <ItemGroup>
    <None Include="src\libraries\Assimp\include\color4.inl">
      <Filter>libraries\assimp</Filter>
    </None>
    <None Include="src\libraries\Assimp\include\material.inl">
      <Filter>libraries\assimp</Filter>
    </None>
    <None Include="src\libraries\Assimp\include\matrix3x3.inl">
      <Filter>libraries\assimp</Filter>
    </None>
    <None Include="src\libraries\Assimp\include\matrix4x4.inl">
      <Filter>libraries\assimp</Filter>
    </None>
    <None Include="src\libraries\Assimp\include\quaternion.inl">
      <Filter>libraries\assimp</Filter>
    </None>
    <None Include="src\libraries\Assimp\include\vector2.inl">
      <Filter>libraries\assimp</Filter>
    </None>
    <None Include="src\libraries\Assimp\include\vector3.inl">
      <Filter>libraries\assimp</Filter>
    </None>
  </ItemGroup>
</Project>